
Microsoft Visual Studio Solution File, Format Version 12.00
# Visual Studio 15
VisualStudioVersion = 15.0.28307.1705
MinimumVisualStudioVersion = 10.0.40219.1
Project("{E24C65DC-7377-472B-9ABA-BC803B73C61A}") = "SB_Final_Project", "SB_Final_Project\", "{30D3D3B2-5D5F-49B2-90D7-4B276384881F}"
	ProjectSection(WebsiteProperties) = preProject
		TargetFrameworkMoniker = ".NETFramework,Version%3Dv4.6.1"
		Debug.AspNetCompiler.VirtualPath = "/localhost_49861"
		Debug.AspNetCompiler.PhysicalPath = "SB_Final_Project\"
		Debug.AspNetCompiler.TargetPath = "PrecompiledWeb\localhost_49861\"
		Debug.AspNetCompiler.Updateable = "true"
		Debug.AspNetCompiler.ForceOverwrite = "true"
		Debug.AspNetCompiler.FixedNames = "false"
		Debug.AspNetCompiler.Debug = "True"
		Release.AspNetCompiler.VirtualPath = "/localhost_49861"
		Release.AspNetCompiler.PhysicalPath = "SB_Final_Project\"
		Release.AspNetCompiler.TargetPath = "PrecompiledWeb\localhost_49861\"
		Release.AspNetCompiler.Updateable = "true"
		Release.AspNetCompiler.ForceOverwrite = "true"
		Release.AspNetCompiler.FixedNames = "false"
		Release.AspNetCompiler.Debug = "False"
		VWDPort = "49861"
		SlnRelativePath = "SB_Final_Project\"
		DefaultWebSiteLanguage = "Visual C#"
	EndProjectSection
EndProject
Global
	GlobalSection(SolutionConfigurationPlatforms) = preSolution
		Debug|Any CPU = Debug|Any CPU
	EndGlobalSection
	GlobalSection(ProjectConfigurationPlatforms) = postSolution
		{30D3D3B2-5D5F-49B2-90D7-4B276384881F}.Debug|Any CPU.ActiveCfg = Debug|Any CPU
		{30D3D3B2-5D5F-49B2-90D7-4B276384881F}.Debug|Any CPU.Build.0 = Debug|Any CPU
	EndGlobalSection
	GlobalSection(SolutionProperties) = preSolution
		HideSolutionNode = FALSE
	EndGlobalSection
	GlobalSection(ExtensibilityGlobals) = postSolution
		SolutionGuid = {EA1069E3-B846-4C18-AF9A-37C6A23C707C}
	EndGlobalSection
EndGlobal
